// !$*UTF8*$!
{
	archiveVersion = 1;
	classes = {
	};
	objectVersion = 56;
	objects = {

/* Begin PBXBuildFile section */
		D6323D182AF5884700C74956 /* UserMainViewController.m in Sources */ = {isa = PBXBuildFile; fileRef = D6323D172AF5884700C74956 /* UserMainViewController.m */; };
		D6AE52D42AEAB43B00DBE742 /* User.m in Sources */ = {isa = PBXBuildFile; fileRef = D6AE52D32AEAB43A00DBE742 /* User.m */; };
		D6D41C1C2AE9DEC600A47C40 /* AppDelegate.m in Sources */ = {isa = PBXBuildFile; fileRef = D6D41C1B2AE9DEC600A47C40 /* AppDelegate.m */; };
		D6D41C1F2AE9DEC600A47C40 /* SceneDelegate.m in Sources */ = {isa = PBXBuildFile; fileRef = D6D41C1E2AE9DEC600A47C40 /* SceneDelegate.m */; };
		D6D41C222AE9DEC600A47C40 /* ViewController.m in Sources */ = {isa = PBXBuildFile; fileRef = D6D41C212AE9DEC600A47C40 /* ViewController.m */; };
		D6D41C272AE9DEC800A47C40 /* Assets.xcassets in Resources */ = {isa = PBXBuildFile; fileRef = D6D41C262AE9DEC800A47C40 /* Assets.xcassets */; };
		D6D41C2A2AE9DEC800A47C40 /* LaunchScreen.storyboard in Resources */ = {isa = PBXBuildFile; fileRef = D6D41C282AE9DEC800A47C40 /* LaunchScreen.storyboard */; };
		D6D41C2D2AE9DEC800A47C40 /* main.m in Sources */ = {isa = PBXBuildFile; fileRef = D6D41C2C2AE9DEC800A47C40 /* main.m */; };
/* End PBXBuildFile section */

/* Begin PBXFileReference section */
		D6323D162AF5884700C74956 /* UserMainViewController.h */ = {isa = PBXFileReference; lastKnownFileType = sourcecode.c.h; path = UserMainViewController.h; sourceTree = "<group>"; };
		D6323D172AF5884700C74956 /* UserMainViewController.m */ = {isa = PBXFileReference; lastKnownFileType = sourcecode.c.objc; path = UserMainViewController.m; sourceTree = "<group>"; };
		D6AE52D22AEAB43A00DBE742 /* User.h */ = {isa = PBXFileReference; lastKnownFileType = sourcecode.c.h; path = User.h; sourceTree = "<group>"; };
		D6AE52D32AEAB43A00DBE742 /* User.m */ = {isa = PBXFileReference; lastKnownFileType = sourcecode.c.objc; path = User.m; sourceTree = "<group>"; };
		D6D41C172AE9DEC600A47C40 /* localServerPullPush.app */ = {isa = PBXFileReference; explicitFileType = wrapper.application; includeInIndex = 0; path = localServerPullPush.app; sourceTree = BUILT_PRODUCTS_DIR; };
		D6D41C1A2AE9DEC600A47C40 /* AppDelegate.h */ = {isa = PBXFileReference; lastKnownFileType = sourcecode.c.h; path = AppDelegate.h; sourceTree = "<group>"; };
		D6D41C1B2AE9DEC600A47C40 /* AppDelegate.m */ = {isa = PBXFileReference; lastKnownFileType = sourcecode.c.objc; path = AppDelegate.m; sourceTree = "<group>"; };
		D6D41C1D2AE9DEC600A47C40 /* SceneDelegate.h */ = {isa = PBXFileReference; lastKnownFileType = sourcecode.c.h; path = SceneDelegate.h; sourceTree = "<group>"; };
		D6D41C1E2AE9DEC600A47C40 /* SceneDelegate.m */ = {isa = PBXFileReference; lastKnownFileType = sourcecode.c.objc; path = SceneDelegate.m; sourceTree = "<group>"; };
		D6D41C202AE9DEC600A47C40 /* ViewController.h */ = {isa = PBXFileReference; lastKnownFileType = sourcecode.c.h; path = ViewController.h; sourceTree = "<group>"; };
		D6D41C212AE9DEC600A47C40 /* ViewController.m */ = {isa = PBXFileReference; lastKnownFileType = sourcecode.c.objc; path = ViewController.m; sourceTree = "<group>"; };
		D6D41C262AE9DEC800A47C40 /* Assets.xcassets */ = {isa = PBXFileReference; lastKnownFileType = folder.assetcatalog; path = Assets.xcassets; sourceTree = "<group>"; };
		D6D41C292AE9DEC800A47C40 /* Base */ = {isa = PBXFileReference; lastKnownFileType = file.storyboard; name = Base; path = Base.lproj/LaunchScreen.storyboard; sourceTree = "<group>"; };
		D6D41C2B2AE9DEC800A47C40 /* Info.plist */ = {isa = PBXFileReference; lastKnownFileType = text.plist.xml; path = Info.plist; sourceTree = "<group>"; };
		D6D41C2C2AE9DEC800A47C40 /* main.m */ = {isa = PBXFileReference; lastKnownFileType = sourcecode.c.objc; path = main.m; sourceTree = "<group>"; };
/* End PBXFileReference section */

/* Begin PBXFrameworksBuildPhase section */
		D6D41C142AE9DEC600A47C40 /* Frameworks */ = {
			isa = PBXFrameworksBuildPhase;
			buildActionMask = 2147483647;
			files = (
			);
			runOnlyForDeploymentPostprocessing = 0;
		};
/* End PBXFrameworksBuildPhase section */

/* Begin PBXGroup section */
		D6D41C0E2AE9DEC600A47C40 = {
			isa = PBXGroup;
			children = (
				D6D41C192AE9DEC600A47C40 /* localServerPullPush */,
				D6D41C182AE9DEC600A47C40 /* Products */,
			);
			sourceTree = "<group>";
		};
		D6D41C182AE9DEC600A47C40 /* Products */ = {
			isa = PBXGroup;
			children = (
				D6D41C172AE9DEC600A47C40 /* localServerPullPush.app */,
			);
			name = Products;
			sourceTree = "<group>";
		};
		D6D41C192AE9DEC600A47C40 /* localServerPullPush */ = {
			isa = PBXGroup;
			children = (
				D6D41C1A2AE9DEC600A47C40 /* AppDelegate.h */,
				D6D41C1B2AE9DEC600A47C40 /* AppDelegate.m */,
				D6D41C1D2AE9DEC600A47C40 /* SceneDelegate.h */,
				D6D41C1E2AE9DEC600A47C40 /* SceneDelegate.m */,
				D6D41C202AE9DEC600A47C40 /* ViewController.h */,
				D6D41C212AE9DEC600A47C40 /* ViewController.m */,
				D6D41C262AE9DEC800A47C40 /* Assets.xcassets */,
				D6D41C282AE9DEC800A47C40 /* LaunchScreen.storyboard */,
				D6D41C2B2AE9DEC800A47C40 /* Info.plist */,
				D6D41C2C2AE9DEC800A47C40 /* main.m */,
				D6AE52D22AEAB43A00DBE742 /* User.h */,
				D6AE52D32AEAB43A00DBE742 /* User.m */,
				D6323D162AF5884700C74956 /* UserMainViewController.h */,
				D6323D172AF5884700C74956 /* UserMainViewController.m */,
			);
			path = localServerPullPush;
			sourceTree = "<group>";
		};
/* End PBXGroup section */

/* Begin PBXNativeTarget section */
		D6D41C162AE9DEC600A47C40 /* localServerPullPush */ = {
			isa = PBXNativeTarget;
			buildConfigurationList = D6D41C302AE9DEC800A47C40 /* Build configuration list for PBXNativeTarget "localServerPullPush" */;
			buildPhases = (
				D6D41C132AE9DEC600A47C40 /* Sources */,
				D6D41C142AE9DEC600A47C40 /* Frameworks */,
				D6D41C152AE9DEC600A47C40 /* Resources */,
			);
			buildRules = (
			);
			dependencies = (
			);
			name = localServerPullPush;
			productName = localServerPullPush;
			productReference = D6D41C172AE9DEC600A47C40 /* localServerPullPush.app */;
			productType = "com.apple.product-type.application";
		};
/* End PBXNativeTarget section */

/* Begin PBXProject section */
		D6D41C0F2AE9DEC600A47C40 /* Project object */ = {
			isa = PBXProject;
			attributes = {
				BuildIndependentTargetsInParallel = 1;
				LastUpgradeCheck = 1430;
				TargetAttributes = {
					D6D41C162AE9DEC600A47C40 = {
						CreatedOnToolsVersion = 14.3.1;
					};
				};
			};
			buildConfigurationList = D6D41C122AE9DEC600A47C40 /* Build configuration list for PBXProject "localServerPullPush" */;
			compatibilityVersion = "Xcode 14.0";
			developmentRegion = en;
			hasScannedForEncodings = 0;
			knownRegions = (
				en,
				Base,
			);
			mainGroup = D6D41C0E2AE9DEC600A47C40;
			productRefGroup = D6D41C182AE9DEC600A47C40 /* Products */;
			projectDirPath = "";
			projectRoot = "";
			targets = (
				D6D41C162AE9DEC600A47C40 /* localServerPullPush */,
			);
		};
/* End PBXProject section */

/* Begin PBXResourcesBuildPhase section */
		D6D41C152AE9DEC600A47C40 /* Resources */ = {
			isa = PBXResourcesBuildPhase;
			buildActionMask = 2147483647;
			files = (
				D6D41C2A2AE9DEC800A47C40 /* LaunchScreen.storyboard in Resources */,
				D6D41C272AE9DEC800A47C40 /* Assets.xcassets in Resources */,
			);
			runOnlyForDeploymentPostprocessing = 0;
		};
/* End PBXResourcesBuildPhase section */

/* Begin PBXSourcesBuildPhase section */
		D6D41C132AE9DEC600A47C40 /* Sources */ = {
			isa = PBXSourcesBuildPhase;
			buildActionMask = 2147483647;
			files = (
				D6323D182AF5884700C74956 /* UserMainViewController.m in Sources */,
				D6AE52D42AEAB43B00DBE742 /* User.m in Sources */,
				D6D41C222AE9DEC600A47C40 /* ViewController.m in Sources */,
				D6D41C1C2AE9DEC600A47C40 /* AppDelegate.m in Sources */,
				D6D41C2D2AE9DEC800A47C40 /* main.m in Sources */,
				D6D41C1F2AE9DEC600A47C40 /* SceneDelegate.m in Sources */,
			);
			runOnlyForDeploymentPostprocessing = 0;
		};
/* End PBXSourcesBuildPhase section */

/* Begin PBXVariantGroup section */
		D6D41C282AE9DEC800A47C40 /* LaunchScreen.storyboard */ = {
			isa = PBXVariantGroup;
			children = (
				D6D41C292AE9DEC800A47C40 /* Base */,
			);
			name = LaunchScreen.storyboard;
			sourceTree = "<group>";
		};
/* End PBXVariantGroup section */

/* Begin XCBuildConfiguration section */
		D6D41C2E2AE9DEC800A47C40 /* Debug */ = {
			isa = XCBuildConfiguration;
			buildSettings = {
				ALWAYS_SEARCH_USER_PATHS = NO;
				CLANG_ANALYZER_NONNULL = YES;
				CLANG_ANALYZER_NUMBER_OBJECT_CONVERSION = YES_AGGRESSIVE;
				CLANG_CXX_LANGUAGE_STANDARD = "gnu++20";
				CLANG_ENABLE_MODULES = YES;
				CLANG_ENABLE_OBJC_ARC = YES;
				CLANG_ENABLE_OBJC_WEAK = YES;
				CLANG_WARN_BLOCK_CAPTURE_AUTORELEASING = YES;
				CLANG_WARN_BOOL_CONVERSION = YES;
				CLANG_WARN_COMMA = YES;
				CLANG_WARN_CONSTANT_CONVERSION = YES;
				CLANG_WARN_DEPRECATED_OBJC_IMPLEMENTATIONS = YES;
				CLANG_WARN_DIRECT_OBJC_ISA_USAGE = YES_ERROR;
				CLANG_WARN_DOCUMENTATION_COMMENTS = YES;
				CLANG_WARN_EMPTY_BODY = YES;
				CLANG_WARN_ENUM_CONVERSION = YES;
				CLANG_WARN_INFINITE_RECURSION = YES;
				CLANG_WARN_INT_CONVERSION = YES;
				CLANG_WARN_NON_LITERAL_NULL_CONVERSION = YES;
				CLANG_WARN_OBJC_IMPLICIT_RETAIN_SELF = YES;
				CLANG_WARN_OBJC_LITERAL_CONVERSION = YES;
				CLANG_WARN_OBJC_ROOT_CLASS = YES_ERROR;
				CLANG_WARN_QUOTED_INCLUDE_IN_FRAMEWORK_HEADER = YES;
				CLANG_WARN_RANGE_LOOP_ANALYSIS = YES;
				CLANG_WARN_STRICT_PROTOTYPES = YES;
				CLANG_WARN_SUSPICIOUS_MOVE = YES;
				CLANG_WARN_UNGUARDED_AVAILABILITY = YES_AGGRESSIVE;
				CLANG_WARN_UNREACHABLE_CODE = YES;
				CLANG_WARN__DUPLICATE_METHOD_MATCH = YES;
				COPY_PHASE_STRIP = NO;
				DEBUG_INFORMATION_FORMAT = dwarf;
				ENABLE_STRICT_OBJC_MSGSEND = YES;
				ENABLE_TESTABILITY = YES;
				GCC_C_LANGUAGE_STANDARD = gnu11;
				GCC_DYNAMIC_NO_PIC = NO;
				GCC_NO_COMMON_BLOCKS = YES;
				GCC_OPTIMIZATION_LEVEL = 0;
				GCC_PREPROCESSOR_DEFINITIONS = (
					"DEBUG=1",
					"$(inherited)",
				);
				GCC_WARN_64_TO_32_BIT_CONVERSION = YES;
				GCC_WARN_ABOUT_RETURN_TYPE = YES_ERROR;
				GCC_WARN_UNDECLARED_SELECTOR = YES;
				GCC_WARN_UNINITIALIZED_AUTOS = YES_AGGRESSIVE;
				GCC_WARN_UNUSED_FUNCTION = YES;
				GCC_WARN_UNUSED_VARIABLE = YES;
				IPHONEOS_DEPLOYMENT_TARGET = 14.0;
				MTL_ENABLE_DEBUG_INFO = INCLUDE_SOURCE;
				MTL_FAST_MATH = YES;
				ONLY_ACTIVE_ARCH = YES;
				SDKROOT = iphoneos;
			};
			name = Debug;
		};
		D6D41C2F2AE9DEC800A47C40 /* Release */ = {
			isa = XCBuildConfiguration;
			buildSettings = {
				ALWAYS_SEARCH_USER_PATHS = NO;
				CLANG_ANALYZER_NONNULL = YES;
				CLANG_ANALYZER_NUMBER_OBJECT_CONVERSION = YES_AGGRESSIVE;
				CLANG_CXX_LANGUAGE_STANDARD = "gnu++20";
				CLANG_ENABLE_MODULES = YES;
				CLANG_ENABLE_OBJC_ARC = YES;
				CLANG_ENABLE_OBJC_WEAK = YES;
				CLANG_WARN_BLOCK_CAPTURE_AUTORELEASING = YES;
				CLANG_WARN_BOOL_CONVERSION = YES;
				CLANG_WARN_COMMA = YES;
				CLANG_WARN_CONSTANT_CONVERSION = YES;
				CLANG_WARN_DEPRECATED_OBJC_IMPLEMENTATIONS = YES;
				CLANG_WARN_DIRECT_OBJC_ISA_USAGE = YES_ERROR;
				CLANG_WARN_DOCUMENTATION_COMMENTS = YES;
				CLANG_WARN_EMPTY_BODY = YES;
				CLANG_WARN_ENUM_CONVERSION = YES;
				CLANG_WARN_INFINITE_RECURSION = YES;
				CLANG_WARN_INT_CONVERSION = YES;
				CLANG_WARN_NON_LITERAL_NULL_CONVERSION = YES;
				CLANG_WARN_OBJC_IMPLICIT_RETAIN_SELF = YES;
				CLANG_WARN_OBJC_LITERAL_CONVERSION = YES;
				CLANG_WARN_OBJC_ROOT_CLASS = YES_ERROR;
				CLANG_WARN_QUOTED_INCLUDE_IN_FRAMEWORK_HEADER = YES;
				CLANG_WARN_RANGE_LOOP_ANALYSIS = YES;
				CLANG_WARN_STRICT_PROTOTYPES = YES;
				CLANG_WARN_SUSPICIOUS_MOVE = YES;
				CLANG_WARN_UNGUARDED_AVAILABILITY = YES_AGGRESSIVE;
				CLANG_WARN_UNREACHABLE_CODE = YES;
				CLANG_WARN__DUPLICATE_METHOD_MATCH = YES;
				COPY_PHASE_STRIP = NO;
				DEBUG_INFORMATION_FORMAT = "dwarf-with-dsym";
				ENABLE_NS_ASSERTIONS = NO;
				ENABLE_STRICT_OBJC_MSGSEND = YES;
				GCC_C_LANGUAGE_STANDARD = gnu11;
				GCC_NO_COMMON_BLOCKS = YES;
				GCC_WARN_64_TO_32_BIT_CONVERSION = YES;
				GCC_WARN_ABOUT_RETURN_TYPE = YES_ERROR;
				GCC_WARN_UNDECLARED_SELECTOR = YES;
				GCC_WARN_UNINITIALIZED_AUTOS = YES_AGGRESSIVE;
				GCC_WARN_UNUSED_FUNCTION = YES;
				GCC_WARN_UNUSED_VARIABLE = YES;
				IPHONEOS_DEPLOYMENT_TARGET = 14.0;
				MTL_ENABLE_DEBUG_INFO = NO;
				MTL_FAST_MATH = YES;
				SDKROOT = iphoneos;
				VALIDATE_PRODUCT = YES;
			};
			name = Release;
		};
		D6D41C312AE9DEC800A47C40 /* Debug */ = {
			isa = XCBuildConfiguration;
			buildSettings = {
				ASSETCATALOG_COMPILER_APPICON_NAME = AppIcon;
				ASSETCATALOG_COMPILER_GLOBAL_ACCENT_COLOR_NAME = AccentColor;
				CODE_SIGN_STYLE = Automatic;
				CURRENT_PROJECT_VERSION = 1;
				DEVELOPMENT_TEAM = SZ9RTNFDAA;
				GENERATE_INFOPLIST_FILE = YES;
				INFOPLIST_FILE = localServerPullPush/Info.plist;
				INFOPLIST_KEY_UIApplicationSupportsIndirectInputEvents = YES;
				INFOPLIST_KEY_UILaunchStoryboardName = LaunchScreen;
				INFOPLIST_KEY_UIMainStoryboardFile = "";
				INFOPLIST_KEY_UISupportedInterfaceOrientations_iPad = "UIInterfaceOrientationPortrait UIInterfaceOrientationPortraitUpsideDown UIInterfaceOrientationLandscapeLeft UIInterfaceOrientationLandscapeRight";
				INFOPLIST_KEY_UISupportedInterfaceOrientations_iPhone = "UIInterfaceOrientationPortrait UIInterfaceOrientationLandscapeLeft UIInterfaceOrientationLandscapeRight";
				LD_RUNPATH_SEARCH_PATHS = (
					"$(inherited)",
					"@executable_path/Frameworks",
				);
				MARKETING_VERSION = 1.0;
				PRODUCT_BUNDLE_IDENTIFIER = com.hansmander.localServerPullPush;
				PRODUCT_NAME = "$(TARGET_NAME)";
				SWIFT_EMIT_LOC_STRINGS = YES;
				TARGETED_DEVICE_FAMILY = "1,2";
			};
			name = Debug;
		};
		D6D41C322AE9DEC800A47C40 /* Release */ = {
			isa = XCBuildConfiguration;
			buildSettings = {
				ASSETCATALOG_COMPILER_APPICON_NAME = AppIcon;
				ASSETCATALOG_COMPILER_GLOBAL_ACCENT_COLOR_NAME = AccentColor;
				CODE_SIGN_STYLE = Automatic;
				CURRENT_PROJECT_VERSION = 1;
				DEVELOPMENT_TEAM = SZ9RTNFDAA;
				GENERATE_INFOPLIST_FILE = YES;
				INFOPLIST_FILE = localServerPullPush/Info.plist;
				INFOPLIST_KEY_UIApplicationSupportsIndirectInputEvents = YES;
				INFOPLIST_KEY_UILaunchStoryboardName = LaunchScreen;
				INFOPLIST_KEY_UIMainStoryboardFile = "";
				INFOPLIST_KEY_UISupportedInterfaceOrientations_iPad = "UIInterfaceOrientationPortrait UIInterfaceOrientationPortraitUpsideDown UIInterfaceOrientationLandscapeLeft UIInterfaceOrientationLandscapeRight";
				INFOPLIST_KEY_UISupportedInterfaceOrientations_iPhone = "UIInterfaceOrientationPortrait UIInterfaceOrientationLandscapeLeft UIInterfaceOrientationLandscapeRight";
				LD_RUNPATH_SEARCH_PATHS = (
					"$(inherited)",
					"@executable_path/Frameworks",
				);
				MARKETING_VERSION = 1.0;
				PRODUCT_BUNDLE_IDENTIFIER = com.hansmander.localServerPullPush;
				PRODUCT_NAME = "$(TARGET_NAME)";
				SWIFT_EMIT_LOC_STRINGS = YES;
				TARGETED_DEVICE_FAMILY = "1,2";
			};
			name = Release;
		};
/* End XCBuildConfiguration section */

/* Begin XCConfigurationList section */
		D6D41C122AE9DEC600A47C40 /* Build configuration list for PBXProject "localServerPullPush" */ = {
			isa = XCConfigurationList;
			buildConfigurations = (
				D6D41C2E2AE9DEC800A47C40 /* Debug */,
				D6D41C2F2AE9DEC800A47C40 /* Release */,
			);
			defaultConfigurationIsVisible = 0;
			defaultConfigurationName = Release;
		};
		D6D41C302AE9DEC800A47C40 /* Build configuration list for PBXNativeTarget "localServerPullPush" */ = {
			isa = XCConfigurationList;
			buildConfigurations = (
				D6D41C312AE9DEC800A47C40 /* Debug */,
				D6D41C322AE9DEC800A47C40 /* Release */,
			);
			defaultConfigurationIsVisible = 0;
			defaultConfigurationName = Release;
		};
/* End XCConfigurationList section */
	};
	rootObject = D6D41C0F2AE9DEC600A47C40 /* Project object */;
}
